
Microsoft Visual Studio Solution File, Format Version 12.00
# Visual Studio 15
VisualStudioVersion = 15.0.28010.2016
MinimumVisualStudioVersion = 10.0.40219.1
Project("{FAE04EC0-301F-11D3-BF4B-00C04F79EFBC}") = "WizardDemo", "WizardDemo\WizardDemo.csproj", "{67752DE2-B0CB-4DDE-8B74-433560BEA737}"
EndProject
Global
	GlobalSection(SolutionConfigurationPlatforms) = preSolution
		Debug|Any CPU = Debug|Any CPU
		Release|Any CPU = Release|Any CPU
	EndGlobalSection
	GlobalSection(ProjectConfigurationPlatforms) = postSolution
		{67752DE2-B0CB-4DDE-8B74-433560BEA737}.Debug|Any CPU.ActiveCfg = Debug|Any CPU
		{67752DE2-B0CB-4DDE-8B74-433560BEA737}.Debug|Any CPU.Build.0 = Debug|Any CPU
		{67752DE2-B0CB-4DDE-8B74-433560BEA737}.Release|Any CPU.ActiveCfg = Release|Any CPU
		{67752DE2-B0CB-4DDE-8B74-433560BEA737}.Release|Any CPU.Build.0 = Release|Any CPU
	EndGlobalSection
	GlobalSection(SolutionProperties) = preSolution
		HideSolutionNode = FALSE
	EndGlobalSection
	GlobalSection(ExtensibilityGlobals) = postSolution
		SolutionGuid = {635FA38E-0A1F-47EA-9D5A-6B6523127344}
	EndGlobalSection
EndGlobal
